// !$*UTF8*$!
{
	archiveVersion = 1;
	classes = {
	};
	objectVersion = 46;
	objects = {

/* Begin PBXBuildFile section */
		6BC702EF1D663EF800C3B23A /* AppDelegate.swift in Sources */ = {isa = PBXBuildFile; fileRef = 6BC702EE1D663EF800C3B23A /* AppDelegate.swift */; };
		6BC702F11D663EF800C3B23A /* ViewController.swift in Sources */ = {isa = PBXBuildFile; fileRef = 6BC702F01D663EF800C3B23A /* ViewController.swift */; };
		6BC702F41D663EF800C3B23A /* Main.storyboard in Resources */ = {isa = PBXBuildFile; fileRef = 6BC702F21D663EF800C3B23A /* Main.storyboard */; };
		6BC702F61D663EF800C3B23A /* Assets.xcassets in Resources */ = {isa = PBXBuildFile; fileRef = 6BC702F51D663EF800C3B23A /* Assets.xcassets */; };
		6BC702F91D663EF800C3B23A /* LaunchScreen.storyboard in Resources */ = {isa = PBXBuildFile; fileRef = 6BC702F71D663EF800C3B23A /* LaunchScreen.storyboard */; };
		6BC703021D6643DD00C3B23A /* NoteEditViewController.swift in Sources */ = {isa = PBXBuildFile; fileRef = 6BC703001D6643DD00C3B23A /* NoteEditViewController.swift */; };
		6BC703031D6643DD00C3B23A /* NoteEditViewController.xib in Resources */ = {isa = PBXBuildFile; fileRef = 6BC703011D6643DD00C3B23A /* NoteEditViewController.xib */; };
		6BC703051D6649A400C3B23A /* Note.swift in Sources */ = {isa = PBXBuildFile; fileRef = 6BC703041D6649A400C3B23A /* Note.swift */; };
/* End PBXBuildFile section */

/* Begin PBXFileReference section */
		6BC702EB1D663EF800C3B23A /* Notes.app */ = {isa = PBXFileReference; explicitFileType = wrapper.application; includeInIndex = 0; path = Notes.app; sourceTree = BUILT_PRODUCTS_DIR; };
		6BC702EE1D663EF800C3B23A /* AppDelegate.swift */ = {isa = PBXFileReference; lastKnownFileType = sourcecode.swift; path = AppDelegate.swift; sourceTree = "<group>"; };
		6BC702F01D663EF800C3B23A /* ViewController.swift */ = {isa = PBXFileReference; lastKnownFileType = sourcecode.swift; path = ViewController.swift; sourceTree = "<group>"; };
		6BC702F31D663EF800C3B23A /* Base */ = {isa = PBXFileReference; lastKnownFileType = file.storyboard; name = Base; path = Base.lproj/Main.storyboard; sourceTree = "<group>"; };
		6BC702F51D663EF800C3B23A /* Assets.xcassets */ = {isa = PBXFileReference; lastKnownFileType = folder.assetcatalog; path = Assets.xcassets; sourceTree = "<group>"; };
		6BC702F81D663EF800C3B23A /* Base */ = {isa = PBXFileReference; lastKnownFileType = file.storyboard; name = Base; path = Base.lproj/LaunchScreen.storyboard; sourceTree = "<group>"; };
		6BC702FA1D663EF800C3B23A /* Info.plist */ = {isa = PBXFileReference; lastKnownFileType = text.plist.xml; path = Info.plist; sourceTree = "<group>"; };
		6BC703001D6643DD00C3B23A /* NoteEditViewController.swift */ = {isa = PBXFileReference; fileEncoding = 4; lastKnownFileType = sourcecode.swift; path = NoteEditViewController.swift; sourceTree = "<group>"; };
		6BC703011D6643DD00C3B23A /* NoteEditViewController.xib */ = {isa = PBXFileReference; fileEncoding = 4; lastKnownFileType = file.xib; path = NoteEditViewController.xib; sourceTree = "<group>"; };
		6BC703041D6649A400C3B23A /* Note.swift */ = {isa = PBXFileReference; fileEncoding = 4; lastKnownFileType = sourcecode.swift; path = Note.swift; sourceTree = "<group>"; };
/* End PBXFileReference section */

/* Begin PBXFrameworksBuildPhase section */
		6BC702E81D663EF800C3B23A /* Frameworks */ = {
			isa = PBXFrameworksBuildPhase;
			buildActionMask = 2147483647;
			files = (
			);
			runOnlyForDeploymentPostprocessing = 0;
		};
/* End PBXFrameworksBuildPhase section */

/* Begin PBXGroup section */
		6BC702E21D663EF800C3B23A = {
			isa = PBXGroup;
			children = (
				6BC702ED1D663EF800C3B23A /* Notes */,
				6BC702EC1D663EF800C3B23A /* Products */,
			);
			sourceTree = "<group>";
		};
		6BC702EC1D663EF800C3B23A /* Products */ = {
			isa = PBXGroup;
			children = (
				6BC702EB1D663EF800C3B23A /* Notes.app */,
			);
			name = Products;
			sourceTree = "<group>";
		};
		6BC702ED1D663EF800C3B23A /* Notes */ = {
			isa = PBXGroup;
			children = (
				6BC702EE1D663EF800C3B23A /* AppDelegate.swift */,
				6BC702F01D663EF800C3B23A /* ViewController.swift */,
				6BC703001D6643DD00C3B23A /* NoteEditViewController.swift */,
				6BC703011D6643DD00C3B23A /* NoteEditViewController.xib */,
				6BC702F21D663EF800C3B23A /* Main.storyboard */,
				6BC702F51D663EF800C3B23A /* Assets.xcassets */,
				6BC702F71D663EF800C3B23A /* LaunchScreen.storyboard */,
				6BC702FA1D663EF800C3B23A /* Info.plist */,
				6BC703041D6649A400C3B23A /* Note.swift */,
			);
			path = Notes;
			sourceTree = "<group>";
		};
/* End PBXGroup section */

/* Begin PBXNativeTarget section */
		6BC702EA1D663EF800C3B23A /* Notes */ = {
			isa = PBXNativeTarget;
			buildConfigurationList = 6BC702FD1D663EF800C3B23A /* Build configuration list for PBXNativeTarget "Notes" */;
			buildPhases = (
				6BC702E71D663EF800C3B23A /* Sources */,
				6BC702E81D663EF800C3B23A /* Frameworks */,
				6BC702E91D663EF800C3B23A /* Resources */,
			);
			buildRules = (
			);
			dependencies = (
			);
			name = Notes;
			productName = Notes;
			productReference = 6BC702EB1D663EF800C3B23A /* Notes.app */;
			productType = "com.apple.product-type.application";
		};
/* End PBXNativeTarget section */

/* Begin PBXProject section */
		6BC702E31D663EF800C3B23A /* Project object */ = {
			isa = PBXProject;
			attributes = {
				LastSwiftUpdateCheck = 0730;
				LastUpgradeCheck = 0730;
				ORGANIZATIONNAME = Kafilah;
				TargetAttributes = {
					6BC702EA1D663EF800C3B23A = {
						CreatedOnToolsVersion = 7.3.1;
					};
				};
			};
			buildConfigurationList = 6BC702E61D663EF800C3B23A /* Build configuration list for PBXProject "Notes" */;
			compatibilityVersion = "Xcode 3.2";
			developmentRegion = English;
			hasScannedForEncodings = 0;
			knownRegions = (
				en,
				Base,
			);
			mainGroup = 6BC702E21D663EF800C3B23A;
			productRefGroup = 6BC702EC1D663EF800C3B23A /* Products */;
			projectDirPath = "";
			projectRoot = "";
			targets = (
				6BC702EA1D663EF800C3B23A /* Notes */,
			);
		};
/* End PBXProject section */

/* Begin PBXResourcesBuildPhase section */
		6BC702E91D663EF800C3B23A /* Resources */ = {
			isa = PBXResourcesBuildPhase;
			buildActionMask = 2147483647;
			files = (
				6BC702F91D663EF800C3B23A /* LaunchScreen.storyboard in Resources */,
				6BC702F61D663EF800C3B23A /* Assets.xcassets in Resources */,
				6BC703031D6643DD00C3B23A /* NoteEditViewController.xib in Resources */,
				6BC702F41D663EF800C3B23A /* Main.storyboard in Resources */,
			);
			runOnlyForDeploymentPostprocessing = 0;
		};
/* End PBXResourcesBuildPhase section */

/* Begin PBXSourcesBuildPhase section */
		6BC702E71D663EF800C3B23A /* Sources */ = {
			isa = PBXSourcesBuildPhase;
			buildActionMask = 2147483647;
			files = (
				6BC703021D6643DD00C3B23A /* NoteEditViewController.swift in Sources */,
				6BC702F11D663EF800C3B23A /* ViewController.swift in Sources */,
				6BC702EF1D663EF800C3B23A /* AppDelegate.swift in Sources */,
				6BC703051D6649A400C3B23A /* Note.swift in Sources */,
			);
			runOnlyForDeploymentPostprocessing = 0;
		};
/* End PBXSourcesBuildPhase section */

/* Begin PBXVariantGroup section */
		6BC702F21D663EF800C3B23A /* Main.storyboard */ = {
			isa = PBXVariantGroup;
			children = (
				6BC702F31D663EF800C3B23A /* Base */,
			);
			name = Main.storyboard;
			sourceTree = "<group>";
		};
		6BC702F71D663EF800C3B23A /* LaunchScreen.storyboard */ = {
			isa = PBXVariantGroup;
			children = (
				6BC702F81D663EF800C3B23A /* Base */,
			);
			name = LaunchScreen.storyboard;
			sourceTree = "<group>";
		};
/* End PBXVariantGroup section */

/* Begin XCBuildConfiguration section */
		6BC702FB1D663EF800C3B23A /* Debug */ = {
			isa = XCBuildConfiguration;
			buildSettings = {
				ALWAYS_SEARCH_USER_PATHS = NO;
				CLANG_ANALYZER_NONNULL = YES;
				CLANG_CXX_LANGUAGE_STANDARD = "gnu++0x";
				CLANG_CXX_LIBRARY = "libc++";
				CLANG_ENABLE_MODULES = YES;
				CLANG_ENABLE_OBJC_ARC = YES;
				CLANG_WARN_BOOL_CONVERSION = YES;
				CLANG_WARN_CONSTANT_CONVERSION = YES;
				CLANG_WARN_DIRECT_OBJC_ISA_USAGE = YES_ERROR;
				CLANG_WARN_EMPTY_BODY = YES;
				CLANG_WARN_ENUM_CONVERSION = YES;
				CLANG_WARN_INT_CONVERSION = YES;
				CLANG_WARN_OBJC_ROOT_CLASS = YES_ERROR;
				CLANG_WARN_UNREACHABLE_CODE = YES;
				CLANG_WARN__DUPLICATE_METHOD_MATCH = YES;
				"CODE_SIGN_IDENTITY[sdk=iphoneos*]" = "iPhone Developer";
				COPY_PHASE_STRIP = NO;
				DEBUG_INFORMATION_FORMAT = dwarf;
				ENABLE_STRICT_OBJC_MSGSEND = YES;
				ENABLE_TESTABILITY = YES;
				GCC_C_LANGUAGE_STANDARD = gnu99;
				GCC_DYNAMIC_NO_PIC = NO;
				GCC_NO_COMMON_BLOCKS = YES;
				GCC_OPTIMIZATION_LEVEL = 0;
				GCC_PREPROCESSOR_DEFINITIONS = (
					"DEBUG=1",
					"$(inherited)",
				);
				GCC_WARN_64_TO_32_BIT_CONVERSION = YES;
				GCC_WARN_ABOUT_RETURN_TYPE = YES_ERROR;
				GCC_WARN_UNDECLARED_SELECTOR = YES;
				GCC_WARN_UNINITIALIZED_AUTOS = YES_AGGRESSIVE;
				GCC_WARN_UNUSED_FUNCTION = YES;
				GCC_WARN_UNUSED_VARIABLE = YES;
				IPHONEOS_DEPLOYMENT_TARGET = 9.3;
				MTL_ENABLE_DEBUG_INFO = YES;
				ONLY_ACTIVE_ARCH = YES;
				SDKROOT = iphoneos;
				SWIFT_OPTIMIZATION_LEVEL = "-Onone";
			};
			name = Debug;
		};
		6BC702FC1D663EF800C3B23A /* Release */ = {
			isa = XCBuildConfiguration;
			buildSettings = {
				ALWAYS_SEARCH_USER_PATHS = NO;
				CLANG_ANALYZER_NONNULL = YES;
				CLANG_CXX_LANGUAGE_STANDARD = "gnu++0x";
				CLANG_CXX_LIBRARY = "libc++";
				CLANG_ENABLE_MODULES = YES;
				CLANG_ENABLE_OBJC_ARC = YES;
				CLANG_WARN_BOOL_CONVERSION = YES;
				CLANG_WARN_CONSTANT_CONVERSION = YES;
				CLANG_WARN_DIRECT_OBJC_ISA_USAGE = YES_ERROR;
				CLANG_WARN_EMPTY_BODY = YES;
				CLANG_WARN_ENUM_CONVERSION = YES;
				CLANG_WARN_INT_CONVERSION = YES;
				CLANG_WARN_OBJC_ROOT_CLASS = YES_ERROR;
				CLANG_WARN_UNREACHABLE_CODE = YES;
				CLANG_WARN__DUPLICATE_METHOD_MATCH = YES;
				"CODE_SIGN_IDENTITY[sdk=iphoneos*]" = "iPhone Developer";
				COPY_PHASE_STRIP = NO;
				DEBUG_INFORMATION_FORMAT = "dwarf-with-dsym";
				ENABLE_NS_ASSERTIONS = NO;
				ENABLE_STRICT_OBJC_MSGSEND = YES;
				GCC_C_LANGUAGE_STANDARD = gnu99;
				GCC_NO_COMMON_BLOCKS = YES;
				GCC_WARN_64_TO_32_BIT_CONVERSION = YES;
				GCC_WARN_ABOUT_RETURN_TYPE = YES_ERROR;
				GCC_WARN_UNDECLARED_SELECTOR = YES;
				GCC_WARN_UNINITIALIZED_AUTOS = YES_AGGRESSIVE;
				GCC_WARN_UNUSED_FUNCTION = YES;
				GCC_WARN_UNUSED_VARIABLE = YES;
				IPHONEOS_DEPLOYMENT_TARGET = 9.3;
				MTL_ENABLE_DEBUG_INFO = NO;
				SDKROOT = iphoneos;
				VALIDATE_PRODUCT = YES;
			};
			name = Release;
		};
		6BC702FE1D663EF800C3B23A /* Debug */ = {
			isa = XCBuildConfiguration;
			buildSettings = {
				ASSETCATALOG_COMPILER_APPICON_NAME = AppIcon;
				INFOPLIST_FILE = Notes/Info.plist;
				LD_RUNPATH_SEARCH_PATHS = "$(inherited) @executable_path/Frameworks";
				PRODUCT_BUNDLE_IDENTIFIER = me.kafilah.Notes;
				PRODUCT_NAME = "$(TARGET_NAME)";
			};
			name = Debug;
		};
		6BC702FF1D663EF800C3B23A /* Release */ = {
			isa = XCBuildConfiguration;
			buildSettings = {
				ASSETCATALOG_COMPILER_APPICON_NAME = AppIcon;
				INFOPLIST_FILE = Notes/Info.plist;
				LD_RUNPATH_SEARCH_PATHS = "$(inherited) @executable_path/Frameworks";
				PRODUCT_BUNDLE_IDENTIFIER = me.kafilah.Notes;
				PRODUCT_NAME = "$(TARGET_NAME)";
			};
			name = Release;
		};
/* End XCBuildConfiguration section */

/* Begin XCConfigurationList section */
		6BC702E61D663EF800C3B23A /* Build configuration list for PBXProject "Notes" */ = {
			isa = XCConfigurationList;
			buildConfigurations = (
				6BC702FB1D663EF800C3B23A /* Debug */,
				6BC702FC1D663EF800C3B23A /* Release */,
			);
			defaultConfigurationIsVisible = 0;
			defaultConfigurationName = Release;
		};
		6BC702FD1D663EF800C3B23A /* Build configuration list for PBXNativeTarget "Notes" */ = {
			isa = XCConfigurationList;
			buildConfigurations = (
				6BC702FE1D663EF800C3B23A /* Debug */,
				6BC702FF1D663EF800C3B23A /* Release */,
			);
			defaultConfigurationIsVisible = 0;
		};
/* End XCConfigurationList section */
	};
	rootObject = 6BC702E31D663EF800C3B23A /* Project object */;
}
